<?xml version="1.0" encoding="utf-8"?>
<Project ToolsVersion="4.0" xmlns="http://schemas.microsoft.com/developer/msbuild/2003">
  <ItemGroup>
    <Filter Include="Source Files">
      <UniqueIdentifier>{4FC737F1-C7A5-4376-A066-2A32D752A2FF}</UniqueIdentifier>
      <Extensions>cpp;c;cc;cxx;c++;cppm;ixx;def;odl;idl;hpj;bat;asm;asmx</Extensions>
    </Filter>
    <Filter Include="Header Files">
      <UniqueIdentifier>{93995380-89BD-4b04-88EB-625FBE52EBFB}</UniqueIdentifier>
      <Extensions>h;hh;hpp;hxx;h++;hm;inl;inc;ipp;xsd</Extensions>
    </Filter>
    <Filter Include="Shader Files">
      <UniqueIdentifier>{6B7C221A-A1B8-4875-BA56-7D14AA381C9A}</UniqueIdentifier>
      <Extensions>hlsl;fx;fxh</Extensions>
    </Filter>
  </ItemGroup>
  <ItemGroup>
    <ClCompile Include="src\main.cpp">
      <Filter>Source Files</Filter>
    </ClCompile>
    <ClCompile Include="src\renderer.cpp">
      <Filter>Source Files</Filter>
    </ClCompile>
  </ItemGroup>
  <ItemGroup>
    <ClInclude Include="src\renderer.h">
      <Filter>Header Files</Filter>
    </ClInclude>
  </ItemGroup>
  <ItemGroup>
    <FxCompile Include="src\shaders\fullscreen_vertex_shader.hlsl">
      <Filter>Shader Files</Filter>
    </FxCompile>
    <FxCompile Include="src\shaders\luminance_adapt_pixel_shader.hlsl">
      <Filter>Shader Files</Filter>
    </FxCompile>
    <FxCompile Include="src\shaders\luminance_initial_pixel_shader.hlsl">
      <Filter>Shader Files</Filter>
    </FxCompile>
    <FxCompile Include="src\shaders\luminance_reduce_pixel_shader.hlsl">
      <Filter>Shader Files</Filter>
    </FxCompile>
    <FxCompile Include="src\shaders\scene_pixel_shader.hlsl">
      <Filter>Shader Files</Filter>
    </FxCompile>
    <FxCompile Include="src\shaders\scene_vertex_shader.hlsl">
      <Filter>Shader Files</Filter>
    </FxCompile>
    <FxCompile Include="src\shaders\tone_mapping_pixel_shader.hlsl">
      <Filter>Shader Files</Filter>
    </FxCompile>
  </ItemGroup>
</Project>
